// !$*UTF8*$!
{
	archiveVersion = 1;
	classes = {
	};
	objectVersion = 46;
	objects = {

/* Begin PBXBuildFile section */
		2C5765E816B643AD002C6503 /* STURLQueryStringComponents.m in Sources */ = {isa = PBXBuildFile; fileRef = 2C5765E716B643AD002C6503 /* STURLQueryStringComponents.m */; };
		2C5765E916B6516A002C6503 /* STURLEncoding.m in Sources */ = {isa = PBXBuildFile; fileRef = 2C6EE5A7163E71D30064800F /* STURLEncoding.m */; };
		2C5765EA16B6516A002C6503 /* STURLQueryStringEncoding.m in Sources */ = {isa = PBXBuildFile; fileRef = 2CCE16CA16B63D5900C42C7B /* STURLQueryStringEncoding.m */; };
		2C5765EB16B6516A002C6503 /* STURLQueryStringComponents.m in Sources */ = {isa = PBXBuildFile; fileRef = 2C5765E716B643AD002C6503 /* STURLQueryStringComponents.m */; };
		2C5765EE16B652F5002C6503 /* STURLQueryStringComponentsTests.m in Sources */ = {isa = PBXBuildFile; fileRef = 2C5765ED16B652F5002C6503 /* STURLQueryStringComponentsTests.m */; };
		2C5765F516B654D3002C6503 /* SenTestingKit.framework in Frameworks */ = {isa = PBXBuildFile; fileRef = 2C6EE5AF163E71D30064800F /* SenTestingKit.framework */; };
		2C57660916B6556F002C6503 /* STURLEncoding.m in Sources */ = {isa = PBXBuildFile; fileRef = 2C6EE5A7163E71D30064800F /* STURLEncoding.m */; };
		2C57660A16B6556F002C6503 /* STURLQueryStringEncoding.m in Sources */ = {isa = PBXBuildFile; fileRef = 2CCE16CA16B63D5900C42C7B /* STURLQueryStringEncoding.m */; };
		2C57660B16B6556F002C6503 /* STURLQueryStringComponents.m in Sources */ = {isa = PBXBuildFile; fileRef = 2C5765E716B643AD002C6503 /* STURLQueryStringComponents.m */; };
		2C57660C16B6556F002C6503 /* STURLEncodingTests.m in Sources */ = {isa = PBXBuildFile; fileRef = 2C6EE5BE163E71D30064800F /* STURLEncodingTests.m */; };
		2C57660D16B6556F002C6503 /* STURLQueryStringComponentsTests.m in Sources */ = {isa = PBXBuildFile; fileRef = 2C5765ED16B652F5002C6503 /* STURLQueryStringComponentsTests.m */; };
		2C57660E16B6556F002C6503 /* STURLQueryStringEncodingTests.m in Sources */ = {isa = PBXBuildFile; fileRef = 2CCE16CD16B63E3400C42C7B /* STURLQueryStringEncodingTests.m */; };
		2C57667016B6597A002C6503 /* STURLEncoding.m in Sources */ = {isa = PBXBuildFile; fileRef = 2C6EE5A7163E71D30064800F /* STURLEncoding.m */; };
		2C57667116B6597A002C6503 /* STURLQueryStringEncoding.m in Sources */ = {isa = PBXBuildFile; fileRef = 2CCE16CA16B63D5900C42C7B /* STURLQueryStringEncoding.m */; };
		2C57667216B6597A002C6503 /* STURLQueryStringComponents.m in Sources */ = {isa = PBXBuildFile; fileRef = 2C5765E716B643AD002C6503 /* STURLQueryStringComponents.m */; };
		2C6EE5A6163E71D30064800F /* STURLEncoding.h in CopyFiles */ = {isa = PBXBuildFile; fileRef = 2C6EE5A5163E71D30064800F /* STURLEncoding.h */; };
		2C6EE5A8163E71D30064800F /* STURLEncoding.m in Sources */ = {isa = PBXBuildFile; fileRef = 2C6EE5A7163E71D30064800F /* STURLEncoding.m */; };
		2C6EE5B0163E71D30064800F /* SenTestingKit.framework in Frameworks */ = {isa = PBXBuildFile; fileRef = 2C6EE5AF163E71D30064800F /* SenTestingKit.framework */; };
		2C6EE5BF163E71D30064800F /* STURLEncodingTests.m in Sources */ = {isa = PBXBuildFile; fileRef = 2C6EE5BE163E71D30064800F /* STURLEncodingTests.m */; };
		2CCE16CB16B63D5900C42C7B /* STURLQueryStringEncoding.m in Sources */ = {isa = PBXBuildFile; fileRef = 2CCE16CA16B63D5900C42C7B /* STURLQueryStringEncoding.m */; };
		2CCE16CE16B63E3400C42C7B /* STURLQueryStringEncodingTests.m in Sources */ = {isa = PBXBuildFile; fileRef = 2CCE16CD16B63E3400C42C7B /* STURLQueryStringEncodingTests.m */; };
/* End PBXBuildFile section */

/* Begin PBXCopyFilesBuildPhase section */
		2C6EE59B163E71D30064800F /* CopyFiles */ = {
			isa = PBXCopyFilesBuildPhase;
			buildActionMask = 2147483647;
			dstPath = "include/${PRODUCT_NAME}";
			dstSubfolderSpec = 16;
			files = (
				2C6EE5A6163E71D30064800F /* STURLEncoding.h in CopyFiles */,
			);
			runOnlyForDeploymentPostprocessing = 0;
		};
/* End PBXCopyFilesBuildPhase section */

/* Begin PBXFileReference section */
		2C0EB70817096F6E0050BF86 /* STURLEncoding.xcconfig */ = {isa = PBXFileReference; lastKnownFileType = text.xcconfig; path = STURLEncoding.xcconfig; sourceTree = "<group>"; };
		2C0EB70917096F8A0050BF86 /* STURLEncoding-iOS.xcconfig */ = {isa = PBXFileReference; lastKnownFileType = text.xcconfig; path = "STURLEncoding-iOS.xcconfig"; sourceTree = "<group>"; };
		2C0EB70A17096F950050BF86 /* STURLEncoding-mac.xcconfig */ = {isa = PBXFileReference; lastKnownFileType = text.xcconfig; path = "STURLEncoding-mac.xcconfig"; sourceTree = "<group>"; };
		2C0EB70B1709761B0050BF86 /* STURLEncoding-Debug.xcconfig */ = {isa = PBXFileReference; lastKnownFileType = text.xcconfig; path = "STURLEncoding-Debug.xcconfig"; sourceTree = "<group>"; };
		2C0EB70C170976260050BF86 /* STURLEncoding-Release.xcconfig */ = {isa = PBXFileReference; lastKnownFileType = text.xcconfig; path = "STURLEncoding-Release.xcconfig"; sourceTree = "<group>"; };
		2C5765E616B643AD002C6503 /* STURLQueryStringComponents.h */ = {isa = PBXFileReference; fileEncoding = 4; lastKnownFileType = sourcecode.c.h; path = STURLQueryStringComponents.h; sourceTree = "<group>"; };
		2C5765E716B643AD002C6503 /* STURLQueryStringComponents.m */ = {isa = PBXFileReference; fileEncoding = 4; lastKnownFileType = sourcecode.c.objc; path = STURLQueryStringComponents.m; sourceTree = "<group>"; };
		2C5765EC16B652F5002C6503 /* STURLQueryStringComponentsTests.h */ = {isa = PBXFileReference; fileEncoding = 4; lastKnownFileType = sourcecode.c.h; path = STURLQueryStringComponentsTests.h; sourceTree = "<group>"; };
		2C5765ED16B652F5002C6503 /* STURLQueryStringComponentsTests.m */ = {isa = PBXFileReference; fileEncoding = 4; lastKnownFileType = sourcecode.c.objc; path = STURLQueryStringComponentsTests.m; sourceTree = "<group>"; };
		2C5765F416B654D3002C6503 /* STURLEncodingTests.octest */ = {isa = PBXFileReference; explicitFileType = wrapper.cfbundle; includeInIndex = 0; path = STURLEncodingTests.octest; sourceTree = BUILT_PRODUCTS_DIR; };
		2C57661416B656A6002C6503 /* STURLEncoding.framework */ = {isa = PBXFileReference; explicitFileType = wrapper.framework; includeInIndex = 0; path = STURLEncoding.framework; sourceTree = BUILT_PRODUCTS_DIR; };
		2C57666F16B6593B002C6503 /* Info.plist */ = {isa = PBXFileReference; fileEncoding = 4; lastKnownFileType = text.plist.xml; path = Info.plist; sourceTree = "<group>"; };
		2C6EE59D163E71D30064800F /* libSTURLEncoding.a */ = {isa = PBXFileReference; explicitFileType = archive.ar; includeInIndex = 0; path = libSTURLEncoding.a; sourceTree = BUILT_PRODUCTS_DIR; };
		2C6EE5A5163E71D30064800F /* STURLEncoding.h */ = {isa = PBXFileReference; lastKnownFileType = sourcecode.c.h; path = STURLEncoding.h; sourceTree = "<group>"; };
		2C6EE5A7163E71D30064800F /* STURLEncoding.m */ = {isa = PBXFileReference; lastKnownFileType = sourcecode.c.objc; path = STURLEncoding.m; sourceTree = "<group>"; };
		2C6EE5AE163E71D30064800F /* STURLEncodingTests.octest */ = {isa = PBXFileReference; explicitFileType = wrapper.cfbundle; includeInIndex = 0; path = STURLEncodingTests.octest; sourceTree = BUILT_PRODUCTS_DIR; };
		2C6EE5AF163E71D30064800F /* SenTestingKit.framework */ = {isa = PBXFileReference; lastKnownFileType = wrapper.framework; name = SenTestingKit.framework; path = Library/Frameworks/SenTestingKit.framework; sourceTree = DEVELOPER_DIR; };
		2C6EE5B9163E71D30064800F /* Info.plist */ = {isa = PBXFileReference; lastKnownFileType = text.plist.xml; path = Info.plist; sourceTree = "<group>"; };
		2C6EE5BD163E71D30064800F /* STURLEncodingTests.h */ = {isa = PBXFileReference; lastKnownFileType = sourcecode.c.h; path = STURLEncodingTests.h; sourceTree = "<group>"; };
		2C6EE5BE163E71D30064800F /* STURLEncodingTests.m */ = {isa = PBXFileReference; lastKnownFileType = sourcecode.c.objc; path = STURLEncodingTests.m; sourceTree = "<group>"; };
		2C9C1E551711A226003E19B9 /* STURLEncoding-Coverage.xcconfig */ = {isa = PBXFileReference; lastKnownFileType = text.xcconfig; path = "STURLEncoding-Coverage.xcconfig"; sourceTree = "<group>"; };
		2CCE16C916B63D5900C42C7B /* STURLQueryStringEncoding.h */ = {isa = PBXFileReference; fileEncoding = 4; lastKnownFileType = sourcecode.c.h; path = STURLQueryStringEncoding.h; sourceTree = "<group>"; };
		2CCE16CA16B63D5900C42C7B /* STURLQueryStringEncoding.m */ = {isa = PBXFileReference; fileEncoding = 4; lastKnownFileType = sourcecode.c.objc; path = STURLQueryStringEncoding.m; sourceTree = "<group>"; };
		2CCE16CC16B63E3400C42C7B /* STURLQueryStringEncodingTests.h */ = {isa = PBXFileReference; fileEncoding = 4; lastKnownFileType = sourcecode.c.h; path = STURLQueryStringEncodingTests.h; sourceTree = "<group>"; };
		2CCE16CD16B63E3400C42C7B /* STURLQueryStringEncodingTests.m */ = {isa = PBXFileReference; fileEncoding = 4; lastKnownFileType = sourcecode.c.objc; path = STURLQueryStringEncodingTests.m; sourceTree = "<group>"; };
/* End PBXFileReference section */

/* Begin PBXFrameworksBuildPhase section */
		2C5765F016B654D3002C6503 /* Frameworks */ = {
			isa = PBXFrameworksBuildPhase;
			buildActionMask = 2147483647;
			files = (
				2C5765F516B654D3002C6503 /* SenTestingKit.framework in Frameworks */,
			);
			runOnlyForDeploymentPostprocessing = 0;
		};
		2C57661016B656A6002C6503 /* Frameworks */ = {
			isa = PBXFrameworksBuildPhase;
			buildActionMask = 2147483647;
			files = (
			);
			runOnlyForDeploymentPostprocessing = 0;
		};
		2C6EE59A163E71D30064800F /* Frameworks */ = {
			isa = PBXFrameworksBuildPhase;
			buildActionMask = 2147483647;
			files = (
			);
			runOnlyForDeploymentPostprocessing = 0;
		};
		2C6EE5AA163E71D30064800F /* Frameworks */ = {
			isa = PBXFrameworksBuildPhase;
			buildActionMask = 2147483647;
			files = (
				2C6EE5B0163E71D30064800F /* SenTestingKit.framework in Frameworks */,
			);
			runOnlyForDeploymentPostprocessing = 0;
		};
/* End PBXFrameworksBuildPhase section */

/* Begin PBXGroup section */
		2C6EE592163E71D30064800F = {
			isa = PBXGroup;
			children = (
				2C6EE5A2163E71D30064800F /* STURLEncoding */,
				2C6EE5B7163E71D30064800F /* STURLEncodingTests */,
				2C6EE59F163E71D30064800F /* Frameworks */,
				2C6EE59E163E71D30064800F /* Products */,
			);
			sourceTree = "<group>";
		};
		2C6EE59E163E71D30064800F /* Products */ = {
			isa = PBXGroup;
			children = (
				2C6EE59D163E71D30064800F /* libSTURLEncoding.a */,
				2C6EE5AE163E71D30064800F /* STURLEncodingTests.octest */,
				2C57661416B656A6002C6503 /* STURLEncoding.framework */,
				2C5765F416B654D3002C6503 /* STURLEncodingTests.octest */,
			);
			name = Products;
			sourceTree = "<group>";
		};
		2C6EE59F163E71D30064800F /* Frameworks */ = {
			isa = PBXGroup;
			children = (
				2C6EE5AF163E71D30064800F /* SenTestingKit.framework */,
			);
			name = Frameworks;
			sourceTree = "<group>";
		};
		2C6EE5A2163E71D30064800F /* STURLEncoding */ = {
			isa = PBXGroup;
			children = (
				2C0EB70817096F6E0050BF86 /* STURLEncoding.xcconfig */,
				2C0EB70B1709761B0050BF86 /* STURLEncoding-Debug.xcconfig */,
				2C9C1E551711A226003E19B9 /* STURLEncoding-Coverage.xcconfig */,
				2C0EB70C170976260050BF86 /* STURLEncoding-Release.xcconfig */,
				2C0EB70917096F8A0050BF86 /* STURLEncoding-iOS.xcconfig */,
				2C0EB70A17096F950050BF86 /* STURLEncoding-mac.xcconfig */,
				2C57666F16B6593B002C6503 /* Info.plist */,
				2C6EE5A5163E71D30064800F /* STURLEncoding.h */,
				2C6EE5A7163E71D30064800F /* STURLEncoding.m */,
				2CCE16C916B63D5900C42C7B /* STURLQueryStringEncoding.h */,
				2CCE16CA16B63D5900C42C7B /* STURLQueryStringEncoding.m */,
				2C5765E616B643AD002C6503 /* STURLQueryStringComponents.h */,
				2C5765E716B643AD002C6503 /* STURLQueryStringComponents.m */,
			);
			path = STURLEncoding;
			sourceTree = "<group>";
		};
		2C6EE5B7163E71D30064800F /* STURLEncodingTests */ = {
			isa = PBXGroup;
			children = (
				2C6EE5B9163E71D30064800F /* Info.plist */,
				2C6EE5BD163E71D30064800F /* STURLEncodingTests.h */,
				2C6EE5BE163E71D30064800F /* STURLEncodingTests.m */,
				2C5765EC16B652F5002C6503 /* STURLQueryStringComponentsTests.h */,
				2C5765ED16B652F5002C6503 /* STURLQueryStringComponentsTests.m */,
				2CCE16CC16B63E3400C42C7B /* STURLQueryStringEncodingTests.h */,
				2CCE16CD16B63E3400C42C7B /* STURLQueryStringEncodingTests.m */,
			);
			path = STURLEncodingTests;
			sourceTree = "<group>";
		};
/* End PBXGroup section */

/* Begin PBXHeadersBuildPhase section */
		2C57661116B656A6002C6503 /* Headers */ = {
			isa = PBXHeadersBuildPhase;
			buildActionMask = 2147483647;
			files = (
			);
			runOnlyForDeploymentPostprocessing = 0;
		};
/* End PBXHeadersBuildPhase section */

/* Begin PBXNativeTarget section */
		2C5765F316B654D3002C6503 /* STURLEncodingTests-mac */ = {
			isa = PBXNativeTarget;
			buildConfigurationList = 2C57660616B654D3002C6503 /* Build configuration list for PBXNativeTarget "STURLEncodingTests-mac" */;
			buildPhases = (
				2C5765EF16B654D3002C6503 /* Sources */,
				2C5765F016B654D3002C6503 /* Frameworks */,
				2C5765F116B654D3002C6503 /* Resources */,
				2C5765F216B654D3002C6503 /* ShellScript */,
			);
			buildRules = (
			);
			dependencies = (
			);
			name = "STURLEncodingTests-mac";
			productName = "STURLEncodingTests-mac";
			productReference = 2C5765F416B654D3002C6503 /* STURLEncodingTests.octest */;
			productType = "com.apple.product-type.bundle";
		};
		2C57661316B656A6002C6503 /* STURLEncoding-mac */ = {
			isa = PBXNativeTarget;
			buildConfigurationList = 2C57663916B656A6002C6503 /* Build configuration list for PBXNativeTarget "STURLEncoding-mac" */;
			buildPhases = (
				2C57660F16B656A6002C6503 /* Sources */,
				2C57661016B656A6002C6503 /* Frameworks */,
				2C57661116B656A6002C6503 /* Headers */,
				2C57661216B656A6002C6503 /* Resources */,
			);
			buildRules = (
			);
			dependencies = (
			);
			name = "STURLEncoding-mac";
			productName = STURLEncoding;
			productReference = 2C57661416B656A6002C6503 /* STURLEncoding.framework */;
			productType = "com.apple.product-type.framework";
		};
		2C6EE59C163E71D30064800F /* STURLEncoding-iOS */ = {
			isa = PBXNativeTarget;
			buildConfigurationList = 2C6EE5C2163E71D30064800F /* Build configuration list for PBXNativeTarget "STURLEncoding-iOS" */;
			buildPhases = (
				2C6EE599163E71D30064800F /* Sources */,
				2C6EE59A163E71D30064800F /* Frameworks */,
				2C6EE59B163E71D30064800F /* CopyFiles */,
			);
			buildRules = (
			);
			dependencies = (
			);
			name = "STURLEncoding-iOS";
			productName = STURLEncoding;
			productReference = 2C6EE59D163E71D30064800F /* libSTURLEncoding.a */;
			productType = "com.apple.product-type.library.static";
		};
		2C6EE5AD163E71D30064800F /* STURLEncodingTests-iOS */ = {
			isa = PBXNativeTarget;
			buildConfigurationList = 2C6EE5C5163E71D30064800F /* Build configuration list for PBXNativeTarget "STURLEncodingTests-iOS" */;
			buildPhases = (
				2C6EE5A9163E71D30064800F /* Sources */,
				2C6EE5AA163E71D30064800F /* Frameworks */,
				2C6EE5AB163E71D30064800F /* Resources */,
				2C6EE5AC163E71D30064800F /* ShellScript */,
			);
			buildRules = (
			);
			dependencies = (
			);
			name = "STURLEncodingTests-iOS";
			productName = STURLEncodingTests;
			productReference = 2C6EE5AE163E71D30064800F /* STURLEncodingTests.octest */;
			productType = "com.apple.product-type.bundle";
		};
/* End PBXNativeTarget section */

/* Begin PBXProject section */
		2C6EE594163E71D30064800F /* Project object */ = {
			isa = PBXProject;
			attributes = {
				LastUpgradeCheck = 0450;
				ORGANIZATIONNAME = "Scott Talbot";
			};
			buildConfigurationList = 2C6EE597163E71D30064800F /* Build configuration list for PBXProject "STURLEncoding" */;
			compatibilityVersion = "Xcode 3.2";
			developmentRegion = English;
			hasScannedForEncodings = 0;
			knownRegions = (
				en,
			);
			mainGroup = 2C6EE592163E71D30064800F;
			productRefGroup = 2C6EE59E163E71D30064800F /* Products */;
			projectDirPath = "";
			projectRoot = "";
			targets = (
				2C6EE59C163E71D30064800F /* STURLEncoding-iOS */,
				2C6EE5AD163E71D30064800F /* STURLEncodingTests-iOS */,
				2C57661316B656A6002C6503 /* STURLEncoding-mac */,
				2C5765F316B654D3002C6503 /* STURLEncodingTests-mac */,
			);
		};
/* End PBXProject section */

/* Begin PBXResourcesBuildPhase section */
		2C5765F116B654D3002C6503 /* Resources */ = {
			isa = PBXResourcesBuildPhase;
			buildActionMask = 2147483647;
			files = (
			);
			runOnlyForDeploymentPostprocessing = 0;
		};
		2C57661216B656A6002C6503 /* Resources */ = {
			isa = PBXResourcesBuildPhase;
			buildActionMask = 2147483647;
			files = (
			);
			runOnlyForDeploymentPostprocessing = 0;
		};
		2C6EE5AB163E71D30064800F /* Resources */ = {
			isa = PBXResourcesBuildPhase;
			buildActionMask = 2147483647;
			files = (
			);
			runOnlyForDeploymentPostprocessing = 0;
		};
/* End PBXResourcesBuildPhase section */

/* Begin PBXShellScriptBuildPhase section */
		2C5765F216B654D3002C6503 /* ShellScript */ = {
			isa = PBXShellScriptBuildPhase;
			buildActionMask = 2147483647;
			files = (
			);
			inputPaths = (
			);
			outputPaths = (
			);
			runOnlyForDeploymentPostprocessing = 0;
			shellPath = /bin/sh;
			shellScript = "# Run the unit tests in this test bundle.\n\"${SYSTEM_DEVELOPER_DIR}/Tools/RunUnitTests\"\n";
		};
		2C6EE5AC163E71D30064800F /* ShellScript */ = {
			isa = PBXShellScriptBuildPhase;
			buildActionMask = 2147483647;
			files = (
			);
			inputPaths = (
			);
			outputPaths = (
			);
			runOnlyForDeploymentPostprocessing = 0;
			shellPath = /bin/sh;
			shellScript = "# Run the unit tests in this test bundle.\n\"${SYSTEM_DEVELOPER_DIR}/Tools/RunUnitTests\"\n";
		};
/* End PBXShellScriptBuildPhase section */

/* Begin PBXSourcesBuildPhase section */
		2C5765EF16B654D3002C6503 /* Sources */ = {
			isa = PBXSourcesBuildPhase;
			buildActionMask = 2147483647;
			files = (
				2C57660916B6556F002C6503 /* STURLEncoding.m in Sources */,
				2C57660A16B6556F002C6503 /* STURLQueryStringEncoding.m in Sources */,
				2C57660B16B6556F002C6503 /* STURLQueryStringComponents.m in Sources */,
				2C57660C16B6556F002C6503 /* STURLEncodingTests.m in Sources */,
				2C57660D16B6556F002C6503 /* STURLQueryStringComponentsTests.m in Sources */,
				2C57660E16B6556F002C6503 /* STURLQueryStringEncodingTests.m in Sources */,
			);
			runOnlyForDeploymentPostprocessing = 0;
		};
		2C57660F16B656A6002C6503 /* Sources */ = {
			isa = PBXSourcesBuildPhase;
			buildActionMask = 2147483647;
			files = (
				2C57667016B6597A002C6503 /* STURLEncoding.m in Sources */,
				2C57667116B6597A002C6503 /* STURLQueryStringEncoding.m in Sources */,
				2C57667216B6597A002C6503 /* STURLQueryStringComponents.m in Sources */,
			);
			runOnlyForDeploymentPostprocessing = 0;
		};
		2C6EE599163E71D30064800F /* Sources */ = {
			isa = PBXSourcesBuildPhase;
			buildActionMask = 2147483647;
			files = (
				2C6EE5A8163E71D30064800F /* STURLEncoding.m in Sources */,
				2CCE16CB16B63D5900C42C7B /* STURLQueryStringEncoding.m in Sources */,
				2C5765E816B643AD002C6503 /* STURLQueryStringComponents.m in Sources */,
			);
			runOnlyForDeploymentPostprocessing = 0;
		};
		2C6EE5A9163E71D30064800F /* Sources */ = {
			isa = PBXSourcesBuildPhase;
			buildActionMask = 2147483647;
			files = (
				2C6EE5BF163E71D30064800F /* STURLEncodingTests.m in Sources */,
				2CCE16CE16B63E3400C42C7B /* STURLQueryStringEncodingTests.m in Sources */,
				2C5765E916B6516A002C6503 /* STURLEncoding.m in Sources */,
				2C5765EA16B6516A002C6503 /* STURLQueryStringEncoding.m in Sources */,
				2C5765EB16B6516A002C6503 /* STURLQueryStringComponents.m in Sources */,
				2C5765EE16B652F5002C6503 /* STURLQueryStringComponentsTests.m in Sources */,
			);
			runOnlyForDeploymentPostprocessing = 0;
		};
/* End PBXSourcesBuildPhase section */

/* Begin XCBuildConfiguration section */
		2C57660716B654D3002C6503 /* Debug */ = {
			isa = XCBuildConfiguration;
			baseConfigurationReference = 2C0EB70A17096F950050BF86 /* STURLEncoding-mac.xcconfig */;
			buildSettings = {
				INFOPLIST_FILE = STURLEncodingTests/Info.plist;
				PRODUCT_NAME = STURLEncodingTests;
				WRAPPER_EXTENSION = octest;
			};
			name = Debug;
		};
		2C57660816B654D3002C6503 /* Release */ = {
			isa = XCBuildConfiguration;
			baseConfigurationReference = 2C0EB70A17096F950050BF86 /* STURLEncoding-mac.xcconfig */;
			buildSettings = {
				INFOPLIST_FILE = STURLEncodingTests/Info.plist;
				PRODUCT_NAME = STURLEncodingTests;
				WRAPPER_EXTENSION = octest;
			};
			name = Release;
		};
		2C57663A16B656A6002C6503 /* Debug */ = {
			isa = XCBuildConfiguration;
			baseConfigurationReference = 2C0EB70A17096F950050BF86 /* STURLEncoding-mac.xcconfig */;
			buildSettings = {
			};
			name = Debug;
		};
		2C57663B16B656A6002C6503 /* Release */ = {
			isa = XCBuildConfiguration;
			baseConfigurationReference = 2C0EB70A17096F950050BF86 /* STURLEncoding-mac.xcconfig */;
			buildSettings = {
			};
			name = Release;
		};
		2C6EE5C0163E71D30064800F /* Debug */ = {
			isa = XCBuildConfiguration;
			baseConfigurationReference = 2C0EB70B1709761B0050BF86 /* STURLEncoding-Debug.xcconfig */;
			buildSettings = {
				CLANG_CXX_LANGUAGE_STANDARD = "gnu++0x";
				CLANG_CXX_LIBRARY = "libc++";
				GCC_C_LANGUAGE_STANDARD = gnu99;
			};
			name = Debug;
		};
		2C6EE5C1163E71D30064800F /* Release */ = {
			isa = XCBuildConfiguration;
			baseConfigurationReference = 2C0EB70C170976260050BF86 /* STURLEncoding-Release.xcconfig */;
			buildSettings = {
				CLANG_CXX_LANGUAGE_STANDARD = "gnu++0x";
				CLANG_CXX_LIBRARY = "libc++";
				GCC_C_LANGUAGE_STANDARD = gnu99;
			};
			name = Release;
		};
		2C6EE5C3163E71D30064800F /* Debug */ = {
			isa = XCBuildConfiguration;
			baseConfigurationReference = 2C0EB70917096F8A0050BF86 /* STURLEncoding-iOS.xcconfig */;
			buildSettings = {
				ONLY_ACTIVE_ARCH = NO;
			};
			name = Debug;
		};
		2C6EE5C4163E71D30064800F /* Release */ = {
			isa = XCBuildConfiguration;
			baseConfigurationReference = 2C0EB70917096F8A0050BF86 /* STURLEncoding-iOS.xcconfig */;
			buildSettings = {
				ONLY_ACTIVE_ARCH = NO;
			};
			name = Release;
		};
		2C6EE5C6163E71D30064800F /* Debug */ = {
			isa = XCBuildConfiguration;
			baseConfigurationReference = 2C0EB70917096F8A0050BF86 /* STURLEncoding-iOS.xcconfig */;
			buildSettings = {
				INFOPLIST_FILE = STURLEncodingTests/Info.plist;
				PRODUCT_NAME = STURLEncodingTests;
				WRAPPER_EXTENSION = octest;
			};
			name = Debug;
		};
		2C6EE5C7163E71D30064800F /* Release */ = {
			isa = XCBuildConfiguration;
			baseConfigurationReference = 2C0EB70917096F8A0050BF86 /* STURLEncoding-iOS.xcconfig */;
			buildSettings = {
				INFOPLIST_FILE = STURLEncodingTests/Info.plist;
				PRODUCT_NAME = STURLEncodingTests;
				WRAPPER_EXTENSION = octest;
			};
			name = Release;
		};
		2C9C1E501711A1EA003E19B9 /* Coverage */ = {
			isa = XCBuildConfiguration;
			baseConfigurationReference = 2C9C1E551711A226003E19B9 /* STURLEncoding-Coverage.xcconfig */;
			buildSettings = {
				CLANG_CXX_LANGUAGE_STANDARD = "gnu++0x";
				CLANG_CXX_LIBRARY = "libc++";
				GCC_C_LANGUAGE_STANDARD = gnu99;
			};
			name = Coverage;
		};
		2C9C1E511711A1EA003E19B9 /* Coverage */ = {
			isa = XCBuildConfiguration;
			baseConfigurationReference = 2C0EB70917096F8A0050BF86 /* STURLEncoding-iOS.xcconfig */;
			buildSettings = {
			};
			name = Coverage;
		};
		2C9C1E521711A1EA003E19B9 /* Coverage */ = {
			isa = XCBuildConfiguration;
			baseConfigurationReference = 2C0EB70917096F8A0050BF86 /* STURLEncoding-iOS.xcconfig */;
			buildSettings = {
				INFOPLIST_FILE = STURLEncodingTests/Info.plist;
				PRODUCT_NAME = STURLEncodingTests;
				WRAPPER_EXTENSION = octest;
			};
			name = Coverage;
		};
		2C9C1E531711A1EA003E19B9 /* Coverage */ = {
			isa = XCBuildConfiguration;
			baseConfigurationReference = 2C0EB70A17096F950050BF86 /* STURLEncoding-mac.xcconfig */;
			buildSettings = {
			};
			name = Coverage;
		};
		2C9C1E541711A1EA003E19B9 /* Coverage */ = {
			isa = XCBuildConfiguration;
			baseConfigurationReference = 2C0EB70A17096F950050BF86 /* STURLEncoding-mac.xcconfig */;
			buildSettings = {
				INFOPLIST_FILE = STURLEncodingTests/Info.plist;
				PRODUCT_NAME = STURLEncodingTests;
				WRAPPER_EXTENSION = octest;
			};
			name = Coverage;
		};
/* End XCBuildConfiguration section */

/* Begin XCConfigurationList section */
		2C57660616B654D3002C6503 /* Build configuration list for PBXNativeTarget "STURLEncodingTests-mac" */ = {
			isa = XCConfigurationList;
			buildConfigurations = (
				2C57660716B654D3002C6503 /* Debug */,
				2C9C1E541711A1EA003E19B9 /* Coverage */,
				2C57660816B654D3002C6503 /* Release */,
			);
			defaultConfigurationIsVisible = 0;
			defaultConfigurationName = Release;
		};
		2C57663916B656A6002C6503 /* Build configuration list for PBXNativeTarget "STURLEncoding-mac" */ = {
			isa = XCConfigurationList;
			buildConfigurations = (
				2C57663A16B656A6002C6503 /* Debug */,
				2C9C1E531711A1EA003E19B9 /* Coverage */,
				2C57663B16B656A6002C6503 /* Release */,
			);
			defaultConfigurationIsVisible = 0;
			defaultConfigurationName = Release;
		};
		2C6EE597163E71D30064800F /* Build configuration list for PBXProject "STURLEncoding" */ = {
			isa = XCConfigurationList;
			buildConfigurations = (
				2C6EE5C0163E71D30064800F /* Debug */,
				2C9C1E501711A1EA003E19B9 /* Coverage */,
				2C6EE5C1163E71D30064800F /* Release */,
			);
			defaultConfigurationIsVisible = 0;
			defaultConfigurationName = Release;
		};
		2C6EE5C2163E71D30064800F /* Build configuration list for PBXNativeTarget "STURLEncoding-iOS" */ = {
			isa = XCConfigurationList;
			buildConfigurations = (
				2C6EE5C3163E71D30064800F /* Debug */,
				2C9C1E511711A1EA003E19B9 /* Coverage */,
				2C6EE5C4163E71D30064800F /* Release */,
			);
			defaultConfigurationIsVisible = 0;
			defaultConfigurationName = Release;
		};
		2C6EE5C5163E71D30064800F /* Build configuration list for PBXNativeTarget "STURLEncodingTests-iOS" */ = {
			isa = XCConfigurationList;
			buildConfigurations = (
				2C6EE5C6163E71D30064800F /* Debug */,
				2C9C1E521711A1EA003E19B9 /* Coverage */,
				2C6EE5C7163E71D30064800F /* Release */,
			);
			defaultConfigurationIsVisible = 0;
			defaultConfigurationName = Release;
		};
/* End XCConfigurationList section */
	};
	rootObject = 2C6EE594163E71D30064800F /* Project object */;
}
