// !$*UTF8*$!
{
	archiveVersion = 1;
	classes = {
	};
	objectVersion = 46;
	objects = {

/* Begin PBXBuildFile section */
		2C5765E816B643AD002C6503 /* STURLQueryStringComponents.m in Sources */ = {isa = PBXBuildFile; fileRef = 2C5765E716B643AD002C6503 /* STURLQueryStringComponents.m */; };
		2C5765EE16B652F5002C6503 /* STURLQueryStringComponentsTests.m in Sources */ = {isa = PBXBuildFile; fileRef = 2C5765ED16B652F5002C6503 /* STURLQueryStringComponentsTests.m */; };
		2C57660C16B6556F002C6503 /* STURLEncodingTests.m in Sources */ = {isa = PBXBuildFile; fileRef = 2C6EE5BE163E71D30064800F /* STURLEncodingTests.m */; };
		2C57660D16B6556F002C6503 /* STURLQueryStringComponentsTests.m in Sources */ = {isa = PBXBuildFile; fileRef = 2C5765ED16B652F5002C6503 /* STURLQueryStringComponentsTests.m */; };
		2C57660E16B6556F002C6503 /* STURLQueryStringEncodingTests.m in Sources */ = {isa = PBXBuildFile; fileRef = 2CCE16CD16B63E3400C42C7B /* STURLQueryStringEncodingTests.m */; };
		2C57667016B6597A002C6503 /* STURLEncoding.m in Sources */ = {isa = PBXBuildFile; fileRef = 2C6EE5A7163E71D30064800F /* STURLEncoding.m */; };
		2C57667116B6597A002C6503 /* STURLQueryStringEncoding.m in Sources */ = {isa = PBXBuildFile; fileRef = 2CCE16CA16B63D5900C42C7B /* STURLQueryStringEncoding.m */; };
		2C57667216B6597A002C6503 /* STURLQueryStringComponents.m in Sources */ = {isa = PBXBuildFile; fileRef = 2C5765E716B643AD002C6503 /* STURLQueryStringComponents.m */; };
		2C6EE5A8163E71D30064800F /* STURLEncoding.m in Sources */ = {isa = PBXBuildFile; fileRef = 2C6EE5A7163E71D30064800F /* STURLEncoding.m */; };
		2C6EE5BF163E71D30064800F /* STURLEncodingTests.m in Sources */ = {isa = PBXBuildFile; fileRef = 2C6EE5BE163E71D30064800F /* STURLEncodingTests.m */; };
		2C9EC6961A233539008C3452 /* STURLEncoding.framework in Frameworks */ = {isa = PBXBuildFile; fileRef = 2C9EC68B1A233539008C3452 /* STURLEncoding.framework */; };
		2C9EC6A41A233618008C3452 /* STURLEncodingTests.m in Sources */ = {isa = PBXBuildFile; fileRef = 2C6EE5BE163E71D30064800F /* STURLEncodingTests.m */; };
		2C9EC6A51A233618008C3452 /* STURLQueryStringComponentsTests.m in Sources */ = {isa = PBXBuildFile; fileRef = 2C5765ED16B652F5002C6503 /* STURLQueryStringComponentsTests.m */; };
		2C9EC6A61A233618008C3452 /* STURLQueryStringEncodingTests.m in Sources */ = {isa = PBXBuildFile; fileRef = 2CCE16CD16B63E3400C42C7B /* STURLQueryStringEncodingTests.m */; };
		2C9EC6A71A233621008C3452 /* STURLEncoding.m in Sources */ = {isa = PBXBuildFile; fileRef = 2C6EE5A7163E71D30064800F /* STURLEncoding.m */; };
		2C9EC6A81A233621008C3452 /* STURLQueryStringEncoding.m in Sources */ = {isa = PBXBuildFile; fileRef = 2CCE16CA16B63D5900C42C7B /* STURLQueryStringEncoding.m */; };
		2C9EC6A91A233621008C3452 /* STURLQueryStringComponents.m in Sources */ = {isa = PBXBuildFile; fileRef = 2C5765E716B643AD002C6503 /* STURLQueryStringComponents.m */; };
		2C9EC6AA1A23362A008C3452 /* STURLEncoding.h in Headers */ = {isa = PBXBuildFile; fileRef = 2C6EE5A5163E71D30064800F /* STURLEncoding.h */; settings = {ATTRIBUTES = (Public, ); }; };
		2C9EC6AB1A23362A008C3452 /* STURLQueryStringEncoding.h in Headers */ = {isa = PBXBuildFile; fileRef = 2CCE16C916B63D5900C42C7B /* STURLQueryStringEncoding.h */; settings = {ATTRIBUTES = (Public, ); }; };
		2C9EC6AC1A23362A008C3452 /* STURLQueryStringComponents.h in Headers */ = {isa = PBXBuildFile; fileRef = 2C5765E616B643AD002C6503 /* STURLQueryStringComponents.h */; settings = {ATTRIBUTES = (Public, ); }; };
		2C9EC6BD1A23376F008C3452 /* STURLEncoding.framework in Frameworks */ = {isa = PBXBuildFile; fileRef = 2C9EC6B21A23376E008C3452 /* STURLEncoding.framework */; };
		2C9EC6CB1A2337BF008C3452 /* STURLEncoding.m in Sources */ = {isa = PBXBuildFile; fileRef = 2C6EE5A7163E71D30064800F /* STURLEncoding.m */; };
		2C9EC6CC1A2337BF008C3452 /* STURLQueryStringEncoding.m in Sources */ = {isa = PBXBuildFile; fileRef = 2CCE16CA16B63D5900C42C7B /* STURLQueryStringEncoding.m */; };
		2C9EC6CD1A2337BF008C3452 /* STURLQueryStringComponents.m in Sources */ = {isa = PBXBuildFile; fileRef = 2C5765E716B643AD002C6503 /* STURLQueryStringComponents.m */; };
		2C9EC6CE1A2337C3008C3452 /* STURLEncoding.h in Headers */ = {isa = PBXBuildFile; fileRef = 2C6EE5A5163E71D30064800F /* STURLEncoding.h */; settings = {ATTRIBUTES = (Public, ); }; };
		2C9EC6CF1A2337C3008C3452 /* STURLQueryStringEncoding.h in Headers */ = {isa = PBXBuildFile; fileRef = 2CCE16C916B63D5900C42C7B /* STURLQueryStringEncoding.h */; settings = {ATTRIBUTES = (Public, ); }; };
		2C9EC6D01A2337C3008C3452 /* STURLQueryStringComponents.h in Headers */ = {isa = PBXBuildFile; fileRef = 2C5765E616B643AD002C6503 /* STURLQueryStringComponents.h */; settings = {ATTRIBUTES = (Public, ); }; };
		2C9EC6D11A23380F008C3452 /* STURLEncodingTests.m in Sources */ = {isa = PBXBuildFile; fileRef = 2C6EE5BE163E71D30064800F /* STURLEncodingTests.m */; };
		2C9EC6D21A23380F008C3452 /* STURLQueryStringComponentsTests.m in Sources */ = {isa = PBXBuildFile; fileRef = 2C5765ED16B652F5002C6503 /* STURLQueryStringComponentsTests.m */; };
		2C9EC6D31A23380F008C3452 /* STURLQueryStringEncodingTests.m in Sources */ = {isa = PBXBuildFile; fileRef = 2CCE16CD16B63E3400C42C7B /* STURLQueryStringEncodingTests.m */; };
		2CCE16CB16B63D5900C42C7B /* STURLQueryStringEncoding.m in Sources */ = {isa = PBXBuildFile; fileRef = 2CCE16CA16B63D5900C42C7B /* STURLQueryStringEncoding.m */; };
		2CCE16CE16B63E3400C42C7B /* STURLQueryStringEncodingTests.m in Sources */ = {isa = PBXBuildFile; fileRef = 2CCE16CD16B63E3400C42C7B /* STURLQueryStringEncodingTests.m */; };
		2CCF4825174723F500BBE8A2 /* STURLEncoding.h in Headers */ = {isa = PBXBuildFile; fileRef = 2C6EE5A5163E71D30064800F /* STURLEncoding.h */; settings = {ATTRIBUTES = (Public, ); }; };
		2CCF4826174723F500BBE8A2 /* STURLQueryStringEncoding.h in Headers */ = {isa = PBXBuildFile; fileRef = 2CCE16C916B63D5900C42C7B /* STURLQueryStringEncoding.h */; settings = {ATTRIBUTES = (Public, ); }; };
		2CCF4827174723F500BBE8A2 /* STURLQueryStringComponents.h in Headers */ = {isa = PBXBuildFile; fileRef = 2C5765E616B643AD002C6503 /* STURLQueryStringComponents.h */; settings = {ATTRIBUTES = (Public, ); }; };
		2CCF482C174724BE00BBE8A2 /* STURLEncoding.h in CopyFiles */ = {isa = PBXBuildFile; fileRef = 2C6EE5A5163E71D30064800F /* STURLEncoding.h */; };
		2CCF482D174724BE00BBE8A2 /* STURLQueryStringEncoding.h in CopyFiles */ = {isa = PBXBuildFile; fileRef = 2CCE16C916B63D5900C42C7B /* STURLQueryStringEncoding.h */; };
		2CCF482E174724BE00BBE8A2 /* STURLQueryStringComponents.h in CopyFiles */ = {isa = PBXBuildFile; fileRef = 2C5765E616B643AD002C6503 /* STURLQueryStringComponents.h */; };
		2CD8A2DF1792E90A0095606C /* libSTURLEncoding.a in Frameworks */ = {isa = PBXBuildFile; fileRef = 2C6EE59D163E71D30064800F /* libSTURLEncoding.a */; };
		2CD8A2E01792E90F0095606C /* libSTURLEncoding.a in Frameworks */ = {isa = PBXBuildFile; fileRef = 2C57661416B656A6002C6503 /* libSTURLEncoding.a */; };
/* End PBXBuildFile section */

/* Begin PBXContainerItemProxy section */
		2C218C0918A8BB07003BFDF9 /* PBXContainerItemProxy */ = {
			isa = PBXContainerItemProxy;
			containerPortal = 2C6EE594163E71D30064800F /* Project object */;
			proxyType = 1;
			remoteGlobalIDString = 2C6EE59C163E71D30064800F;
			remoteInfo = "STURLEncoding-iOS";
		};
		2C218C0B18A8BB0D003BFDF9 /* PBXContainerItemProxy */ = {
			isa = PBXContainerItemProxy;
			containerPortal = 2C6EE594163E71D30064800F /* Project object */;
			proxyType = 1;
			remoteGlobalIDString = 2C57661316B656A6002C6503;
			remoteInfo = "STURLEncoding-mac";
		};
		2C9EC6971A233539008C3452 /* PBXContainerItemProxy */ = {
			isa = PBXContainerItemProxy;
			containerPortal = 2C6EE594163E71D30064800F /* Project object */;
			proxyType = 1;
			remoteGlobalIDString = 2C9EC68A1A233539008C3452;
			remoteInfo = "STURLEncodingFramework-iOS";
		};
		2C9EC6BE1A23376F008C3452 /* PBXContainerItemProxy */ = {
			isa = PBXContainerItemProxy;
			containerPortal = 2C6EE594163E71D30064800F /* Project object */;
			proxyType = 1;
			remoteGlobalIDString = 2C9EC6B11A23376E008C3452;
			remoteInfo = "STURLEncodingFramework-mac";
		};
/* End PBXContainerItemProxy section */

/* Begin PBXCopyFilesBuildPhase section */
		2C6EE59B163E71D30064800F /* CopyFiles */ = {
			isa = PBXCopyFilesBuildPhase;
			buildActionMask = 2147483647;
			dstPath = "include/${PRODUCT_NAME}";
			dstSubfolderSpec = 16;
			files = (
				2CCF482C174724BE00BBE8A2 /* STURLEncoding.h in CopyFiles */,
				2CCF482D174724BE00BBE8A2 /* STURLQueryStringEncoding.h in CopyFiles */,
				2CCF482E174724BE00BBE8A2 /* STURLQueryStringComponents.h in CopyFiles */,
			);
			runOnlyForDeploymentPostprocessing = 0;
		};
/* End PBXCopyFilesBuildPhase section */

/* Begin PBXFileReference section */
		2C0EB70817096F6E0050BF86 /* STURLEncoding.xcconfig */ = {isa = PBXFileReference; lastKnownFileType = text.xcconfig; path = STURLEncoding.xcconfig; sourceTree = "<group>"; };
		2C0EB70917096F8A0050BF86 /* STURLEncoding-iOS.xcconfig */ = {isa = PBXFileReference; lastKnownFileType = text.xcconfig; path = "STURLEncoding-iOS.xcconfig"; sourceTree = "<group>"; };
		2C0EB70A17096F950050BF86 /* STURLEncoding-mac.xcconfig */ = {isa = PBXFileReference; lastKnownFileType = text.xcconfig; path = "STURLEncoding-mac.xcconfig"; sourceTree = "<group>"; };
		2C0EB70B1709761B0050BF86 /* STURLEncoding-Debug.xcconfig */ = {isa = PBXFileReference; lastKnownFileType = text.xcconfig; path = "STURLEncoding-Debug.xcconfig"; sourceTree = "<group>"; };
		2C0EB70C170976260050BF86 /* STURLEncoding-Release.xcconfig */ = {isa = PBXFileReference; lastKnownFileType = text.xcconfig; path = "STURLEncoding-Release.xcconfig"; sourceTree = "<group>"; };
		2C5765E616B643AD002C6503 /* STURLQueryStringComponents.h */ = {isa = PBXFileReference; fileEncoding = 4; lastKnownFileType = sourcecode.c.h; path = STURLQueryStringComponents.h; sourceTree = "<group>"; };
		2C5765E716B643AD002C6503 /* STURLQueryStringComponents.m */ = {isa = PBXFileReference; fileEncoding = 4; lastKnownFileType = sourcecode.c.objc; path = STURLQueryStringComponents.m; sourceTree = "<group>"; };
		2C5765ED16B652F5002C6503 /* STURLQueryStringComponentsTests.m */ = {isa = PBXFileReference; fileEncoding = 4; lastKnownFileType = sourcecode.c.objc; path = STURLQueryStringComponentsTests.m; sourceTree = "<group>"; };
		2C5765F416B654D3002C6503 /* STURLEncodingTests.xctest */ = {isa = PBXFileReference; explicitFileType = wrapper.cfbundle; includeInIndex = 0; path = STURLEncodingTests.xctest; sourceTree = BUILT_PRODUCTS_DIR; };
		2C57661416B656A6002C6503 /* libSTURLEncoding.a */ = {isa = PBXFileReference; explicitFileType = archive.ar; includeInIndex = 0; path = libSTURLEncoding.a; sourceTree = BUILT_PRODUCTS_DIR; };
		2C57666F16B6593B002C6503 /* Info.plist */ = {isa = PBXFileReference; fileEncoding = 4; lastKnownFileType = text.plist.xml; path = Info.plist; sourceTree = "<group>"; };
		2C6EE59D163E71D30064800F /* libSTURLEncoding.a */ = {isa = PBXFileReference; explicitFileType = archive.ar; includeInIndex = 0; path = libSTURLEncoding.a; sourceTree = BUILT_PRODUCTS_DIR; };
		2C6EE5A5163E71D30064800F /* STURLEncoding.h */ = {isa = PBXFileReference; lastKnownFileType = sourcecode.c.h; path = STURLEncoding.h; sourceTree = "<group>"; };
		2C6EE5A7163E71D30064800F /* STURLEncoding.m */ = {isa = PBXFileReference; lastKnownFileType = sourcecode.c.objc; path = STURLEncoding.m; sourceTree = "<group>"; };
		2C6EE5AE163E71D30064800F /* STURLEncodingTests.xctest */ = {isa = PBXFileReference; explicitFileType = wrapper.cfbundle; includeInIndex = 0; path = STURLEncodingTests.xctest; sourceTree = BUILT_PRODUCTS_DIR; };
		2C6EE5B9163E71D30064800F /* Info.plist */ = {isa = PBXFileReference; lastKnownFileType = text.plist.xml; path = Info.plist; sourceTree = "<group>"; };
		2C6EE5BE163E71D30064800F /* STURLEncodingTests.m */ = {isa = PBXFileReference; lastKnownFileType = sourcecode.c.objc; path = STURLEncodingTests.m; sourceTree = "<group>"; };
		2C9EC68B1A233539008C3452 /* STURLEncoding.framework */ = {isa = PBXFileReference; explicitFileType = wrapper.framework; includeInIndex = 0; path = STURLEncoding.framework; sourceTree = BUILT_PRODUCTS_DIR; };
		2C9EC6951A233539008C3452 /* STURLEncodingFrameworkTests-iOS.xctest */ = {isa = PBXFileReference; explicitFileType = wrapper.cfbundle; includeInIndex = 0; path = "STURLEncodingFrameworkTests-iOS.xctest"; sourceTree = BUILT_PRODUCTS_DIR; };
		2C9EC6B21A23376E008C3452 /* STURLEncoding.framework */ = {isa = PBXFileReference; explicitFileType = wrapper.framework; includeInIndex = 0; path = STURLEncoding.framework; sourceTree = BUILT_PRODUCTS_DIR; };
		2C9EC6BC1A23376E008C3452 /* STURLEncodingFrameworkTests-mac.xctest */ = {isa = PBXFileReference; explicitFileType = wrapper.cfbundle; includeInIndex = 0; path = "STURLEncodingFrameworkTests-mac.xctest"; sourceTree = BUILT_PRODUCTS_DIR; };
		2CCE16C916B63D5900C42C7B /* STURLQueryStringEncoding.h */ = {isa = PBXFileReference; fileEncoding = 4; lastKnownFileType = sourcecode.c.h; path = STURLQueryStringEncoding.h; sourceTree = "<group>"; };
		2CCE16CA16B63D5900C42C7B /* STURLQueryStringEncoding.m */ = {isa = PBXFileReference; fileEncoding = 4; lastKnownFileType = sourcecode.c.objc; path = STURLQueryStringEncoding.m; sourceTree = "<group>"; };
		2CCE16CD16B63E3400C42C7B /* STURLQueryStringEncodingTests.m */ = {isa = PBXFileReference; fileEncoding = 4; lastKnownFileType = sourcecode.c.objc; path = STURLQueryStringEncodingTests.m; sourceTree = "<group>"; };
/* End PBXFileReference section */

/* Begin PBXFrameworksBuildPhase section */
		2C5765F016B654D3002C6503 /* Frameworks */ = {
			isa = PBXFrameworksBuildPhase;
			buildActionMask = 2147483647;
			files = (
				2CD8A2E01792E90F0095606C /* libSTURLEncoding.a in Frameworks */,
			);
			runOnlyForDeploymentPostprocessing = 0;
		};
		2C57661016B656A6002C6503 /* Frameworks */ = {
			isa = PBXFrameworksBuildPhase;
			buildActionMask = 2147483647;
			files = (
			);
			runOnlyForDeploymentPostprocessing = 0;
		};
		2C6EE59A163E71D30064800F /* Frameworks */ = {
			isa = PBXFrameworksBuildPhase;
			buildActionMask = 2147483647;
			files = (
			);
			runOnlyForDeploymentPostprocessing = 0;
		};
		2C6EE5AA163E71D30064800F /* Frameworks */ = {
			isa = PBXFrameworksBuildPhase;
			buildActionMask = 2147483647;
			files = (
				2CD8A2DF1792E90A0095606C /* libSTURLEncoding.a in Frameworks */,
			);
			runOnlyForDeploymentPostprocessing = 0;
		};
		2C9EC6871A233539008C3452 /* Frameworks */ = {
			isa = PBXFrameworksBuildPhase;
			buildActionMask = 2147483647;
			files = (
			);
			runOnlyForDeploymentPostprocessing = 0;
		};
		2C9EC6921A233539008C3452 /* Frameworks */ = {
			isa = PBXFrameworksBuildPhase;
			buildActionMask = 2147483647;
			files = (
				2C9EC6961A233539008C3452 /* STURLEncoding.framework in Frameworks */,
			);
			runOnlyForDeploymentPostprocessing = 0;
		};
		2C9EC6AE1A23376E008C3452 /* Frameworks */ = {
			isa = PBXFrameworksBuildPhase;
			buildActionMask = 2147483647;
			files = (
			);
			runOnlyForDeploymentPostprocessing = 0;
		};
		2C9EC6B91A23376E008C3452 /* Frameworks */ = {
			isa = PBXFrameworksBuildPhase;
			buildActionMask = 2147483647;
			files = (
				2C9EC6BD1A23376F008C3452 /* STURLEncoding.framework in Frameworks */,
			);
			runOnlyForDeploymentPostprocessing = 0;
		};
/* End PBXFrameworksBuildPhase section */

/* Begin PBXGroup section */
		2C6EE592163E71D30064800F = {
			isa = PBXGroup;
			children = (
				2C6EE5A2163E71D30064800F /* STURLEncoding */,
				2C6EE5B7163E71D30064800F /* STURLEncodingTests */,
				2C6EE59F163E71D30064800F /* Frameworks */,
				2C6EE59E163E71D30064800F /* Products */,
			);
			sourceTree = "<group>";
			usesTabs = 1;
		};
		2C6EE59E163E71D30064800F /* Products */ = {
			isa = PBXGroup;
			children = (
				2C6EE59D163E71D30064800F /* libSTURLEncoding.a */,
				2C6EE5AE163E71D30064800F /* STURLEncodingTests.xctest */,
				2C57661416B656A6002C6503 /* libSTURLEncoding.a */,
				2C5765F416B654D3002C6503 /* STURLEncodingTests.xctest */,
				2C9EC68B1A233539008C3452 /* STURLEncoding.framework */,
				2C9EC6951A233539008C3452 /* STURLEncodingFrameworkTests-iOS.xctest */,
				2C9EC6B21A23376E008C3452 /* STURLEncoding.framework */,
				2C9EC6BC1A23376E008C3452 /* STURLEncodingFrameworkTests-mac.xctest */,
			);
			name = Products;
			sourceTree = "<group>";
		};
		2C6EE59F163E71D30064800F /* Frameworks */ = {
			isa = PBXGroup;
			children = (
			);
			name = Frameworks;
			sourceTree = "<group>";
		};
		2C6EE5A2163E71D30064800F /* STURLEncoding */ = {
			isa = PBXGroup;
			children = (
				2C0EB70817096F6E0050BF86 /* STURLEncoding.xcconfig */,
				2C0EB70B1709761B0050BF86 /* STURLEncoding-Debug.xcconfig */,
				2C0EB70C170976260050BF86 /* STURLEncoding-Release.xcconfig */,
				2C0EB70917096F8A0050BF86 /* STURLEncoding-iOS.xcconfig */,
				2C0EB70A17096F950050BF86 /* STURLEncoding-mac.xcconfig */,
				2C57666F16B6593B002C6503 /* Info.plist */,
				2C6EE5A5163E71D30064800F /* STURLEncoding.h */,
				2C6EE5A7163E71D30064800F /* STURLEncoding.m */,
				2CCE16C916B63D5900C42C7B /* STURLQueryStringEncoding.h */,
				2CCE16CA16B63D5900C42C7B /* STURLQueryStringEncoding.m */,
				2C5765E616B643AD002C6503 /* STURLQueryStringComponents.h */,
				2C5765E716B643AD002C6503 /* STURLQueryStringComponents.m */,
			);
			path = STURLEncoding;
			sourceTree = "<group>";
		};
		2C6EE5B7163E71D30064800F /* STURLEncodingTests */ = {
			isa = PBXGroup;
			children = (
				2C6EE5B9163E71D30064800F /* Info.plist */,
				2C6EE5BE163E71D30064800F /* STURLEncodingTests.m */,
				2C5765ED16B652F5002C6503 /* STURLQueryStringComponentsTests.m */,
				2CCE16CD16B63E3400C42C7B /* STURLQueryStringEncodingTests.m */,
			);
			path = STURLEncodingTests;
			sourceTree = "<group>";
		};
/* End PBXGroup section */

/* Begin PBXHeadersBuildPhase section */
		2C57661116B656A6002C6503 /* Headers */ = {
			isa = PBXHeadersBuildPhase;
			buildActionMask = 2147483647;
			files = (
				2CCF4825174723F500BBE8A2 /* STURLEncoding.h in Headers */,
				2CCF4826174723F500BBE8A2 /* STURLQueryStringEncoding.h in Headers */,
				2CCF4827174723F500BBE8A2 /* STURLQueryStringComponents.h in Headers */,
			);
			runOnlyForDeploymentPostprocessing = 0;
		};
		2C9EC6881A233539008C3452 /* Headers */ = {
			isa = PBXHeadersBuildPhase;
			buildActionMask = 2147483647;
			files = (
				2C9EC6AB1A23362A008C3452 /* STURLQueryStringEncoding.h in Headers */,
				2C9EC6AC1A23362A008C3452 /* STURLQueryStringComponents.h in Headers */,
				2C9EC6AA1A23362A008C3452 /* STURLEncoding.h in Headers */,
			);
			runOnlyForDeploymentPostprocessing = 0;
		};
		2C9EC6AF1A23376E008C3452 /* Headers */ = {
			isa = PBXHeadersBuildPhase;
			buildActionMask = 2147483647;
			files = (
				2C9EC6CE1A2337C3008C3452 /* STURLEncoding.h in Headers */,
				2C9EC6CF1A2337C3008C3452 /* STURLQueryStringEncoding.h in Headers */,
				2C9EC6D01A2337C3008C3452 /* STURLQueryStringComponents.h in Headers */,
			);
			runOnlyForDeploymentPostprocessing = 0;
		};
/* End PBXHeadersBuildPhase section */

/* Begin PBXNativeTarget section */
		2C5765F316B654D3002C6503 /* STURLEncodingTests-mac */ = {
			isa = PBXNativeTarget;
			buildConfigurationList = 2C57660616B654D3002C6503 /* Build configuration list for PBXNativeTarget "STURLEncodingTests-mac" */;
			buildPhases = (
				2C5765EF16B654D3002C6503 /* Sources */,
				2C5765F016B654D3002C6503 /* Frameworks */,
				2C5765F116B654D3002C6503 /* Resources */,
			);
			buildRules = (
			);
			dependencies = (
				2C218C0C18A8BB0D003BFDF9 /* PBXTargetDependency */,
			);
			name = "STURLEncodingTests-mac";
			productName = "STURLEncodingTests-mac";
			productReference = 2C5765F416B654D3002C6503 /* STURLEncodingTests.xctest */;
			productType = "com.apple.product-type.bundle.unit-test";
		};
		2C57661316B656A6002C6503 /* STURLEncoding-mac */ = {
			isa = PBXNativeTarget;
			buildConfigurationList = 2C57663916B656A6002C6503 /* Build configuration list for PBXNativeTarget "STURLEncoding-mac" */;
			buildPhases = (
				2C57660F16B656A6002C6503 /* Sources */,
				2C57661016B656A6002C6503 /* Frameworks */,
				2C57661116B656A6002C6503 /* Headers */,
				2C57661216B656A6002C6503 /* Resources */,
			);
			buildRules = (
			);
			dependencies = (
			);
			name = "STURLEncoding-mac";
			productName = STURLEncoding;
			productReference = 2C57661416B656A6002C6503 /* libSTURLEncoding.a */;
			productType = "com.apple.product-type.library.static";
		};
		2C6EE59C163E71D30064800F /* STURLEncoding-iOS */ = {
			isa = PBXNativeTarget;
			buildConfigurationList = 2C6EE5C2163E71D30064800F /* Build configuration list for PBXNativeTarget "STURLEncoding-iOS" */;
			buildPhases = (
				2C6EE599163E71D30064800F /* Sources */,
				2C6EE59A163E71D30064800F /* Frameworks */,
				2C6EE59B163E71D30064800F /* CopyFiles */,
			);
			buildRules = (
			);
			dependencies = (
			);
			name = "STURLEncoding-iOS";
			productName = STURLEncoding;
			productReference = 2C6EE59D163E71D30064800F /* libSTURLEncoding.a */;
			productType = "com.apple.product-type.library.static";
		};
		2C6EE5AD163E71D30064800F /* STURLEncodingTests-iOS */ = {
			isa = PBXNativeTarget;
			buildConfigurationList = 2C6EE5C5163E71D30064800F /* Build configuration list for PBXNativeTarget "STURLEncodingTests-iOS" */;
			buildPhases = (
				2C6EE5A9163E71D30064800F /* Sources */,
				2C6EE5AA163E71D30064800F /* Frameworks */,
				2C6EE5AB163E71D30064800F /* Resources */,
			);
			buildRules = (
			);
			dependencies = (
				2C218C0A18A8BB07003BFDF9 /* PBXTargetDependency */,
			);
			name = "STURLEncodingTests-iOS";
			productName = STURLEncodingTests;
			productReference = 2C6EE5AE163E71D30064800F /* STURLEncodingTests.xctest */;
			productType = "com.apple.product-type.bundle.unit-test";
		};
		2C9EC68A1A233539008C3452 /* STURLEncodingFramework-iOS */ = {
			isa = PBXNativeTarget;
			buildConfigurationList = 2C9EC6A21A233539008C3452 /* Build configuration list for PBXNativeTarget "STURLEncodingFramework-iOS" */;
			buildPhases = (
				2C9EC6861A233539008C3452 /* Sources */,
				2C9EC6871A233539008C3452 /* Frameworks */,
				2C9EC6881A233539008C3452 /* Headers */,
				2C9EC6891A233539008C3452 /* Resources */,
			);
			buildRules = (
			);
			dependencies = (
			);
			name = "STURLEncodingFramework-iOS";
			productName = "STURLEncodingFramework-iOS";
			productReference = 2C9EC68B1A233539008C3452 /* STURLEncoding.framework */;
			productType = "com.apple.product-type.framework";
		};
		2C9EC6941A233539008C3452 /* STURLEncodingFrameworkTests-iOS */ = {
			isa = PBXNativeTarget;
			buildConfigurationList = 2C9EC6A31A233539008C3452 /* Build configuration list for PBXNativeTarget "STURLEncodingFrameworkTests-iOS" */;
			buildPhases = (
				2C9EC6911A233539008C3452 /* Sources */,
				2C9EC6921A233539008C3452 /* Frameworks */,
				2C9EC6931A233539008C3452 /* Resources */,
			);
			buildRules = (
			);
			dependencies = (
				2C9EC6981A233539008C3452 /* PBXTargetDependency */,
			);
			name = "STURLEncodingFrameworkTests-iOS";
			productName = "STURLEncodingFramework-iOSTests";
			productReference = 2C9EC6951A233539008C3452 /* STURLEncodingFrameworkTests-iOS.xctest */;
			productType = "com.apple.product-type.bundle.unit-test";
		};
		2C9EC6B11A23376E008C3452 /* STURLEncodingFramework-mac */ = {
			isa = PBXNativeTarget;
			buildConfigurationList = 2C9EC6C91A23376F008C3452 /* Build configuration list for PBXNativeTarget "STURLEncodingFramework-mac" */;
			buildPhases = (
				2C9EC6AD1A23376E008C3452 /* Sources */,
				2C9EC6AE1A23376E008C3452 /* Frameworks */,
				2C9EC6AF1A23376E008C3452 /* Headers */,
				2C9EC6B01A23376E008C3452 /* Resources */,
			);
			buildRules = (
			);
			dependencies = (
			);
			name = "STURLEncodingFramework-mac";
			productName = "STURLEncodingFramework-mac";
			productReference = 2C9EC6B21A23376E008C3452 /* STURLEncoding.framework */;
			productType = "com.apple.product-type.framework";
		};
		2C9EC6BB1A23376E008C3452 /* STURLEncodingFrameworkTests-mac */ = {
			isa = PBXNativeTarget;
			buildConfigurationList = 2C9EC6CA1A23376F008C3452 /* Build configuration list for PBXNativeTarget "STURLEncodingFrameworkTests-mac" */;
			buildPhases = (
				2C9EC6B81A23376E008C3452 /* Sources */,
				2C9EC6B91A23376E008C3452 /* Frameworks */,
				2C9EC6BA1A23376E008C3452 /* Resources */,
			);
			buildRules = (
			);
			dependencies = (
				2C9EC6BF1A23376F008C3452 /* PBXTargetDependency */,
			);
			name = "STURLEncodingFrameworkTests-mac";
			productName = "STURLEncodingFramework-macTests";
			productReference = 2C9EC6BC1A23376E008C3452 /* STURLEncodingFrameworkTests-mac.xctest */;
			productType = "com.apple.product-type.bundle.unit-test";
		};
/* End PBXNativeTarget section */

/* Begin PBXProject section */
		2C6EE594163E71D30064800F /* Project object */ = {
			isa = PBXProject;
			attributes = {
				LastUpgradeCheck = 0800;
				ORGANIZATIONNAME = "Scott Talbot";
				TargetAttributes = {
					2C5765F316B654D3002C6503 = {
						TestTargetID = 2C57661316B656A6002C6503;
					};
					2C6EE5AD163E71D30064800F = {
						TestTargetID = 2C6EE59C163E71D30064800F;
					};
					2C9EC68A1A233539008C3452 = {
						CreatedOnToolsVersion = 6.2;
					};
					2C9EC6941A233539008C3452 = {
						CreatedOnToolsVersion = 6.2;
					};
					2C9EC6B11A23376E008C3452 = {
						CreatedOnToolsVersion = 6.2;
					};
					2C9EC6BB1A23376E008C3452 = {
						CreatedOnToolsVersion = 6.2;
					};
				};
			};
			buildConfigurationList = 2C6EE597163E71D30064800F /* Build configuration list for PBXProject "STURLEncoding" */;
			compatibilityVersion = "Xcode 3.2";
			developmentRegion = English;
			hasScannedForEncodings = 0;
			knownRegions = (
				en,
			);
			mainGroup = 2C6EE592163E71D30064800F;
			productRefGroup = 2C6EE59E163E71D30064800F /* Products */;
			projectDirPath = "";
			projectRoot = "";
			targets = (
				2C6EE59C163E71D30064800F /* STURLEncoding-iOS */,
				2C6EE5AD163E71D30064800F /* STURLEncodingTests-iOS */,
				2C57661316B656A6002C6503 /* STURLEncoding-mac */,
				2C5765F316B654D3002C6503 /* STURLEncodingTests-mac */,
				2C9EC68A1A233539008C3452 /* STURLEncodingFramework-iOS */,
				2C9EC6941A233539008C3452 /* STURLEncodingFrameworkTests-iOS */,
				2C9EC6B11A23376E008C3452 /* STURLEncodingFramework-mac */,
				2C9EC6BB1A23376E008C3452 /* STURLEncodingFrameworkTests-mac */,
			);
		};
/* End PBXProject section */

/* Begin PBXResourcesBuildPhase section */
		2C5765F116B654D3002C6503 /* Resources */ = {
			isa = PBXResourcesBuildPhase;
			buildActionMask = 2147483647;
			files = (
			);
			runOnlyForDeploymentPostprocessing = 0;
		};
		2C57661216B656A6002C6503 /* Resources */ = {
			isa = PBXResourcesBuildPhase;
			buildActionMask = 2147483647;
			files = (
			);
			runOnlyForDeploymentPostprocessing = 0;
		};
		2C6EE5AB163E71D30064800F /* Resources */ = {
			isa = PBXResourcesBuildPhase;
			buildActionMask = 2147483647;
			files = (
			);
			runOnlyForDeploymentPostprocessing = 0;
		};
		2C9EC6891A233539008C3452 /* Resources */ = {
			isa = PBXResourcesBuildPhase;
			buildActionMask = 2147483647;
			files = (
			);
			runOnlyForDeploymentPostprocessing = 0;
		};
		2C9EC6931A233539008C3452 /* Resources */ = {
			isa = PBXResourcesBuildPhase;
			buildActionMask = 2147483647;
			files = (
			);
			runOnlyForDeploymentPostprocessing = 0;
		};
		2C9EC6B01A23376E008C3452 /* Resources */ = {
			isa = PBXResourcesBuildPhase;
			buildActionMask = 2147483647;
			files = (
			);
			runOnlyForDeploymentPostprocessing = 0;
		};
		2C9EC6BA1A23376E008C3452 /* Resources */ = {
			isa = PBXResourcesBuildPhase;
			buildActionMask = 2147483647;
			files = (
			);
			runOnlyForDeploymentPostprocessing = 0;
		};
/* End PBXResourcesBuildPhase section */

/* Begin PBXSourcesBuildPhase section */
		2C5765EF16B654D3002C6503 /* Sources */ = {
			isa = PBXSourcesBuildPhase;
			buildActionMask = 2147483647;
			files = (
				2C57660C16B6556F002C6503 /* STURLEncodingTests.m in Sources */,
				2C57660D16B6556F002C6503 /* STURLQueryStringComponentsTests.m in Sources */,
				2C57660E16B6556F002C6503 /* STURLQueryStringEncodingTests.m in Sources */,
			);
			runOnlyForDeploymentPostprocessing = 0;
		};
		2C57660F16B656A6002C6503 /* Sources */ = {
			isa = PBXSourcesBuildPhase;
			buildActionMask = 2147483647;
			files = (
				2C57667016B6597A002C6503 /* STURLEncoding.m in Sources */,
				2C57667116B6597A002C6503 /* STURLQueryStringEncoding.m in Sources */,
				2C57667216B6597A002C6503 /* STURLQueryStringComponents.m in Sources */,
			);
			runOnlyForDeploymentPostprocessing = 0;
		};
		2C6EE599163E71D30064800F /* Sources */ = {
			isa = PBXSourcesBuildPhase;
			buildActionMask = 2147483647;
			files = (
				2C6EE5A8163E71D30064800F /* STURLEncoding.m in Sources */,
				2CCE16CB16B63D5900C42C7B /* STURLQueryStringEncoding.m in Sources */,
				2C5765E816B643AD002C6503 /* STURLQueryStringComponents.m in Sources */,
			);
			runOnlyForDeploymentPostprocessing = 0;
		};
		2C6EE5A9163E71D30064800F /* Sources */ = {
			isa = PBXSourcesBuildPhase;
			buildActionMask = 2147483647;
			files = (
				2C6EE5BF163E71D30064800F /* STURLEncodingTests.m in Sources */,
				2CCE16CE16B63E3400C42C7B /* STURLQueryStringEncodingTests.m in Sources */,
				2C5765EE16B652F5002C6503 /* STURLQueryStringComponentsTests.m in Sources */,
			);
			runOnlyForDeploymentPostprocessing = 0;
		};
		2C9EC6861A233539008C3452 /* Sources */ = {
			isa = PBXSourcesBuildPhase;
			buildActionMask = 2147483647;
			files = (
				2C9EC6A71A233621008C3452 /* STURLEncoding.m in Sources */,
				2C9EC6A81A233621008C3452 /* STURLQueryStringEncoding.m in Sources */,
				2C9EC6A91A233621008C3452 /* STURLQueryStringComponents.m in Sources */,
			);
			runOnlyForDeploymentPostprocessing = 0;
		};
		2C9EC6911A233539008C3452 /* Sources */ = {
			isa = PBXSourcesBuildPhase;
			buildActionMask = 2147483647;
			files = (
				2C9EC6A51A233618008C3452 /* STURLQueryStringComponentsTests.m in Sources */,
				2C9EC6A41A233618008C3452 /* STURLEncodingTests.m in Sources */,
				2C9EC6A61A233618008C3452 /* STURLQueryStringEncodingTests.m in Sources */,
			);
			runOnlyForDeploymentPostprocessing = 0;
		};
		2C9EC6AD1A23376E008C3452 /* Sources */ = {
			isa = PBXSourcesBuildPhase;
			buildActionMask = 2147483647;
			files = (
				2C9EC6CB1A2337BF008C3452 /* STURLEncoding.m in Sources */,
				2C9EC6CC1A2337BF008C3452 /* STURLQueryStringEncoding.m in Sources */,
				2C9EC6CD1A2337BF008C3452 /* STURLQueryStringComponents.m in Sources */,
			);
			runOnlyForDeploymentPostprocessing = 0;
		};
		2C9EC6B81A23376E008C3452 /* Sources */ = {
			isa = PBXSourcesBuildPhase;
			buildActionMask = 2147483647;
			files = (
				2C9EC6D21A23380F008C3452 /* STURLQueryStringComponentsTests.m in Sources */,
				2C9EC6D11A23380F008C3452 /* STURLEncodingTests.m in Sources */,
				2C9EC6D31A23380F008C3452 /* STURLQueryStringEncodingTests.m in Sources */,
			);
			runOnlyForDeploymentPostprocessing = 0;
		};
/* End PBXSourcesBuildPhase section */

/* Begin PBXTargetDependency section */
		2C218C0A18A8BB07003BFDF9 /* PBXTargetDependency */ = {
			isa = PBXTargetDependency;
			target = 2C6EE59C163E71D30064800F /* STURLEncoding-iOS */;
			targetProxy = 2C218C0918A8BB07003BFDF9 /* PBXContainerItemProxy */;
		};
		2C218C0C18A8BB0D003BFDF9 /* PBXTargetDependency */ = {
			isa = PBXTargetDependency;
			target = 2C57661316B656A6002C6503 /* STURLEncoding-mac */;
			targetProxy = 2C218C0B18A8BB0D003BFDF9 /* PBXContainerItemProxy */;
		};
		2C9EC6981A233539008C3452 /* PBXTargetDependency */ = {
			isa = PBXTargetDependency;
			target = 2C9EC68A1A233539008C3452 /* STURLEncodingFramework-iOS */;
			targetProxy = 2C9EC6971A233539008C3452 /* PBXContainerItemProxy */;
		};
		2C9EC6BF1A23376F008C3452 /* PBXTargetDependency */ = {
			isa = PBXTargetDependency;
			target = 2C9EC6B11A23376E008C3452 /* STURLEncodingFramework-mac */;
			targetProxy = 2C9EC6BE1A23376F008C3452 /* PBXContainerItemProxy */;
		};
/* End PBXTargetDependency section */

/* Begin XCBuildConfiguration section */
		2C57660716B654D3002C6503 /* Debug */ = {
			isa = XCBuildConfiguration;
			baseConfigurationReference = 2C0EB70A17096F950050BF86 /* STURLEncoding-mac.xcconfig */;
			buildSettings = {
				INFOPLIST_FILE = STURLEncodingTests/Info.plist;
				PRODUCT_NAME = STURLEncodingTests;
			};
			name = Debug;
		};
		2C57660816B654D3002C6503 /* Release */ = {
			isa = XCBuildConfiguration;
			baseConfigurationReference = 2C0EB70A17096F950050BF86 /* STURLEncoding-mac.xcconfig */;
			buildSettings = {
				INFOPLIST_FILE = STURLEncodingTests/Info.plist;
				PRODUCT_NAME = STURLEncodingTests;
			};
			name = Release;
		};
		2C57663A16B656A6002C6503 /* Debug */ = {
			isa = XCBuildConfiguration;
			baseConfigurationReference = 2C0EB70A17096F950050BF86 /* STURLEncoding-mac.xcconfig */;
			buildSettings = {
				COMBINE_HIDPI_IMAGES = YES;
			};
			name = Debug;
		};
		2C57663B16B656A6002C6503 /* Release */ = {
			isa = XCBuildConfiguration;
			baseConfigurationReference = 2C0EB70A17096F950050BF86 /* STURLEncoding-mac.xcconfig */;
			buildSettings = {
				COMBINE_HIDPI_IMAGES = YES;
			};
			name = Release;
		};
		2C6EE5C0163E71D30064800F /* Debug */ = {
			isa = XCBuildConfiguration;
			baseConfigurationReference = 2C0EB70B1709761B0050BF86 /* STURLEncoding-Debug.xcconfig */;
			buildSettings = {
			};
			name = Debug;
		};
		2C6EE5C1163E71D30064800F /* Release */ = {
			isa = XCBuildConfiguration;
			baseConfigurationReference = 2C0EB70C170976260050BF86 /* STURLEncoding-Release.xcconfig */;
			buildSettings = {
			};
			name = Release;
		};
		2C6EE5C3163E71D30064800F /* Debug */ = {
			isa = XCBuildConfiguration;
			baseConfigurationReference = 2C0EB70917096F8A0050BF86 /* STURLEncoding-iOS.xcconfig */;
			buildSettings = {
			};
			name = Debug;
		};
		2C6EE5C4163E71D30064800F /* Release */ = {
			isa = XCBuildConfiguration;
			baseConfigurationReference = 2C0EB70917096F8A0050BF86 /* STURLEncoding-iOS.xcconfig */;
			buildSettings = {
			};
			name = Release;
		};
		2C6EE5C6163E71D30064800F /* Debug */ = {
			isa = XCBuildConfiguration;
			baseConfigurationReference = 2C0EB70917096F8A0050BF86 /* STURLEncoding-iOS.xcconfig */;
			buildSettings = {
				INFOPLIST_FILE = STURLEncodingTests/Info.plist;
				PRODUCT_NAME = STURLEncodingTests;
			};
			name = Debug;
		};
		2C6EE5C7163E71D30064800F /* Release */ = {
			isa = XCBuildConfiguration;
			baseConfigurationReference = 2C0EB70917096F8A0050BF86 /* STURLEncoding-iOS.xcconfig */;
			buildSettings = {
				INFOPLIST_FILE = STURLEncodingTests/Info.plist;
				PRODUCT_NAME = STURLEncodingTests;
			};
			name = Release;
		};
		2C9EC69E1A233539008C3452 /* Debug */ = {
			isa = XCBuildConfiguration;
			baseConfigurationReference = 2C0EB70917096F8A0050BF86 /* STURLEncoding-iOS.xcconfig */;
			buildSettings = {
				"CODE_SIGN_IDENTITY[sdk=iphoneos*]" = "";
				COPY_PHASE_STRIP = NO;
				DEFINES_MODULE = YES;
				DYLIB_COMPATIBILITY_VERSION = 1;
				DYLIB_CURRENT_VERSION = 1;
				DYLIB_INSTALL_NAME_BASE = "@rpath";
				INSTALL_PATH = "$(LOCAL_LIBRARY_DIR)/Frameworks";
				LD_RUNPATH_SEARCH_PATHS = "$(inherited) @executable_path/Frameworks @loader_path/Frameworks";
				SDKROOT = iphoneos;
				SKIP_INSTALL = YES;
				TARGETED_DEVICE_FAMILY = "1,2";
			};
			name = Debug;
		};
		2C9EC69F1A233539008C3452 /* Release */ = {
			isa = XCBuildConfiguration;
			baseConfigurationReference = 2C0EB70917096F8A0050BF86 /* STURLEncoding-iOS.xcconfig */;
			buildSettings = {
				"CODE_SIGN_IDENTITY[sdk=iphoneos*]" = "";
				COPY_PHASE_STRIP = YES;
				DEFINES_MODULE = YES;
				DYLIB_COMPATIBILITY_VERSION = 1;
				DYLIB_CURRENT_VERSION = 1;
				DYLIB_INSTALL_NAME_BASE = "@rpath";
				INSTALL_PATH = "$(LOCAL_LIBRARY_DIR)/Frameworks";
				LD_RUNPATH_SEARCH_PATHS = "$(inherited) @executable_path/Frameworks @loader_path/Frameworks";
				SDKROOT = iphoneos;
				SKIP_INSTALL = YES;
				TARGETED_DEVICE_FAMILY = "1,2";
				VALIDATE_PRODUCT = YES;
			};
			name = Release;
		};
		2C9EC6A01A233539008C3452 /* Debug */ = {
			isa = XCBuildConfiguration;
			baseConfigurationReference = 2C0EB70917096F8A0050BF86 /* STURLEncoding-iOS.xcconfig */;
			buildSettings = {
				ALWAYS_SEARCH_USER_PATHS = NO;
				CLANG_CXX_LANGUAGE_STANDARD = "gnu++0x";
				CLANG_CXX_LIBRARY = "libc++";
				CLANG_ENABLE_MODULES = YES;
				CLANG_ENABLE_OBJC_ARC = YES;
				CLANG_WARN_BOOL_CONVERSION = YES;
				CLANG_WARN_CONSTANT_CONVERSION = YES;
				CLANG_WARN_DIRECT_OBJC_ISA_USAGE = YES_ERROR;
				CLANG_WARN_EMPTY_BODY = YES;
				CLANG_WARN_ENUM_CONVERSION = YES;
				CLANG_WARN_INT_CONVERSION = YES;
				CLANG_WARN_OBJC_ROOT_CLASS = YES_ERROR;
				CLANG_WARN_UNREACHABLE_CODE = YES;
				CLANG_WARN__DUPLICATE_METHOD_MATCH = YES;
				COPY_PHASE_STRIP = NO;
				ENABLE_STRICT_OBJC_MSGSEND = YES;
				FRAMEWORK_SEARCH_PATHS = (
					"$(SDKROOT)/Developer/Library/Frameworks",
					"$(inherited)",
				);
				GCC_C_LANGUAGE_STANDARD = gnu99;
				GCC_DYNAMIC_NO_PIC = NO;
				GCC_OPTIMIZATION_LEVEL = 0;
				GCC_PREPROCESSOR_DEFINITIONS = (
					"DEBUG=1",
					"$(inherited)",
				);
				GCC_SYMBOLS_PRIVATE_EXTERN = NO;
				GCC_WARN_64_TO_32_BIT_CONVERSION = YES;
				GCC_WARN_ABOUT_RETURN_TYPE = YES_ERROR;
				GCC_WARN_UNDECLARED_SELECTOR = YES;
				GCC_WARN_UNINITIALIZED_AUTOS = YES_AGGRESSIVE;
				GCC_WARN_UNUSED_FUNCTION = YES;
				GCC_WARN_UNUSED_VARIABLE = YES;
				INFOPLIST_FILE = STURLEncodingTests/Info.plist;
				IPHONEOS_DEPLOYMENT_TARGET = 8.2;
				LD_RUNPATH_SEARCH_PATHS = "$(inherited) @executable_path/Frameworks @loader_path/Frameworks";
				MTL_ENABLE_DEBUG_INFO = YES;
				ONLY_ACTIVE_ARCH = YES;
				PRODUCT_NAME = "$(TARGET_NAME)";
				SDKROOT = iphoneos;
			};
			name = Debug;
		};
		2C9EC6A11A233539008C3452 /* Release */ = {
			isa = XCBuildConfiguration;
			baseConfigurationReference = 2C0EB70917096F8A0050BF86 /* STURLEncoding-iOS.xcconfig */;
			buildSettings = {
				ALWAYS_SEARCH_USER_PATHS = NO;
				CLANG_CXX_LANGUAGE_STANDARD = "gnu++0x";
				CLANG_CXX_LIBRARY = "libc++";
				CLANG_ENABLE_MODULES = YES;
				CLANG_ENABLE_OBJC_ARC = YES;
				CLANG_WARN_BOOL_CONVERSION = YES;
				CLANG_WARN_CONSTANT_CONVERSION = YES;
				CLANG_WARN_DIRECT_OBJC_ISA_USAGE = YES_ERROR;
				CLANG_WARN_EMPTY_BODY = YES;
				CLANG_WARN_ENUM_CONVERSION = YES;
				CLANG_WARN_INT_CONVERSION = YES;
				CLANG_WARN_OBJC_ROOT_CLASS = YES_ERROR;
				CLANG_WARN_UNREACHABLE_CODE = YES;
				CLANG_WARN__DUPLICATE_METHOD_MATCH = YES;
				COPY_PHASE_STRIP = YES;
				ENABLE_NS_ASSERTIONS = NO;
				ENABLE_STRICT_OBJC_MSGSEND = YES;
				FRAMEWORK_SEARCH_PATHS = (
					"$(SDKROOT)/Developer/Library/Frameworks",
					"$(inherited)",
				);
				GCC_C_LANGUAGE_STANDARD = gnu99;
				GCC_WARN_64_TO_32_BIT_CONVERSION = YES;
				GCC_WARN_ABOUT_RETURN_TYPE = YES_ERROR;
				GCC_WARN_UNDECLARED_SELECTOR = YES;
				GCC_WARN_UNINITIALIZED_AUTOS = YES_AGGRESSIVE;
				GCC_WARN_UNUSED_FUNCTION = YES;
				GCC_WARN_UNUSED_VARIABLE = YES;
				INFOPLIST_FILE = STURLEncodingTests/Info.plist;
				IPHONEOS_DEPLOYMENT_TARGET = 8.2;
				LD_RUNPATH_SEARCH_PATHS = "$(inherited) @executable_path/Frameworks @loader_path/Frameworks";
				MTL_ENABLE_DEBUG_INFO = NO;
				PRODUCT_NAME = "$(TARGET_NAME)";
				SDKROOT = iphoneos;
				VALIDATE_PRODUCT = YES;
			};
			name = Release;
		};
		2C9EC6C51A23376F008C3452 /* Debug */ = {
			isa = XCBuildConfiguration;
			baseConfigurationReference = 2C0EB70A17096F950050BF86 /* STURLEncoding-mac.xcconfig */;
			buildSettings = {
				COMBINE_HIDPI_IMAGES = YES;
				COPY_PHASE_STRIP = NO;
				DEFINES_MODULE = YES;
				DYLIB_INSTALL_NAME_BASE = "@rpath";
				INSTALL_PATH = "$(LOCAL_LIBRARY_DIR)/Frameworks";
				LD_RUNPATH_SEARCH_PATHS = "$(inherited) @executable_path/../Frameworks @loader_path/Frameworks";
				MTL_ENABLE_DEBUG_INFO = YES;
				SDKROOT = macosx;
				SKIP_INSTALL = YES;
			};
			name = Debug;
		};
		2C9EC6C61A23376F008C3452 /* Release */ = {
			isa = XCBuildConfiguration;
			baseConfigurationReference = 2C0EB70A17096F950050BF86 /* STURLEncoding-mac.xcconfig */;
			buildSettings = {
				COMBINE_HIDPI_IMAGES = YES;
				COPY_PHASE_STRIP = YES;
				DEFINES_MODULE = YES;
				DYLIB_INSTALL_NAME_BASE = "@rpath";
				INSTALL_PATH = "$(LOCAL_LIBRARY_DIR)/Frameworks";
				LD_RUNPATH_SEARCH_PATHS = "$(inherited) @executable_path/../Frameworks @loader_path/Frameworks";
				MTL_ENABLE_DEBUG_INFO = NO;
				SDKROOT = macosx;
				SKIP_INSTALL = YES;
			};
			name = Release;
		};
		2C9EC6C71A23376F008C3452 /* Debug */ = {
			isa = XCBuildConfiguration;
			baseConfigurationReference = 2C0EB70A17096F950050BF86 /* STURLEncoding-mac.xcconfig */;
			buildSettings = {
				ALWAYS_SEARCH_USER_PATHS = NO;
				CLANG_CXX_LANGUAGE_STANDARD = "gnu++0x";
				CLANG_CXX_LIBRARY = "libc++";
				CLANG_ENABLE_MODULES = YES;
				CLANG_ENABLE_OBJC_ARC = YES;
				CLANG_WARN_BOOL_CONVERSION = YES;
				CLANG_WARN_CONSTANT_CONVERSION = YES;
				CLANG_WARN_DIRECT_OBJC_ISA_USAGE = YES_ERROR;
				CLANG_WARN_EMPTY_BODY = YES;
				CLANG_WARN_ENUM_CONVERSION = YES;
				CLANG_WARN_INT_CONVERSION = YES;
				CLANG_WARN_OBJC_ROOT_CLASS = YES_ERROR;
				CLANG_WARN_UNREACHABLE_CODE = YES;
				CLANG_WARN__DUPLICATE_METHOD_MATCH = YES;
				COMBINE_HIDPI_IMAGES = YES;
				COPY_PHASE_STRIP = NO;
				ENABLE_STRICT_OBJC_MSGSEND = YES;
				FRAMEWORK_SEARCH_PATHS = (
					"$(DEVELOPER_FRAMEWORKS_DIR)",
					"$(inherited)",
				);
				GCC_C_LANGUAGE_STANDARD = gnu99;
				GCC_DYNAMIC_NO_PIC = NO;
				GCC_OPTIMIZATION_LEVEL = 0;
				GCC_PREPROCESSOR_DEFINITIONS = (
					"DEBUG=1",
					"$(inherited)",
				);
				GCC_SYMBOLS_PRIVATE_EXTERN = NO;
				GCC_WARN_64_TO_32_BIT_CONVERSION = YES;
				GCC_WARN_ABOUT_RETURN_TYPE = YES_ERROR;
				GCC_WARN_UNDECLARED_SELECTOR = YES;
				GCC_WARN_UNINITIALIZED_AUTOS = YES_AGGRESSIVE;
				GCC_WARN_UNUSED_FUNCTION = YES;
				GCC_WARN_UNUSED_VARIABLE = YES;
				INFOPLIST_FILE = STURLEncodingTests/Info.plist;
				LD_RUNPATH_SEARCH_PATHS = "$(inherited) @executable_path/../Frameworks @loader_path/../Frameworks";
				MACOSX_DEPLOYMENT_TARGET = 10.10;
				MTL_ENABLE_DEBUG_INFO = YES;
				ONLY_ACTIVE_ARCH = YES;
				PRODUCT_NAME = "$(TARGET_NAME)";
				SDKROOT = macosx;
			};
			name = Debug;
		};
		2C9EC6C81A23376F008C3452 /* Release */ = {
			isa = XCBuildConfiguration;
			baseConfigurationReference = 2C0EB70A17096F950050BF86 /* STURLEncoding-mac.xcconfig */;
			buildSettings = {
				ALWAYS_SEARCH_USER_PATHS = NO;
				CLANG_CXX_LANGUAGE_STANDARD = "gnu++0x";
				CLANG_CXX_LIBRARY = "libc++";
				CLANG_ENABLE_MODULES = YES;
				CLANG_ENABLE_OBJC_ARC = YES;
				CLANG_WARN_BOOL_CONVERSION = YES;
				CLANG_WARN_CONSTANT_CONVERSION = YES;
				CLANG_WARN_DIRECT_OBJC_ISA_USAGE = YES_ERROR;
				CLANG_WARN_EMPTY_BODY = YES;
				CLANG_WARN_ENUM_CONVERSION = YES;
				CLANG_WARN_INT_CONVERSION = YES;
				CLANG_WARN_OBJC_ROOT_CLASS = YES_ERROR;
				CLANG_WARN_UNREACHABLE_CODE = YES;
				CLANG_WARN__DUPLICATE_METHOD_MATCH = YES;
				COMBINE_HIDPI_IMAGES = YES;
				COPY_PHASE_STRIP = YES;
				DEBUG_INFORMATION_FORMAT = "dwarf-with-dsym";
				ENABLE_NS_ASSERTIONS = NO;
				ENABLE_STRICT_OBJC_MSGSEND = YES;
				FRAMEWORK_SEARCH_PATHS = (
					"$(DEVELOPER_FRAMEWORKS_DIR)",
					"$(inherited)",
				);
				GCC_C_LANGUAGE_STANDARD = gnu99;
				GCC_WARN_64_TO_32_BIT_CONVERSION = YES;
				GCC_WARN_ABOUT_RETURN_TYPE = YES_ERROR;
				GCC_WARN_UNDECLARED_SELECTOR = YES;
				GCC_WARN_UNINITIALIZED_AUTOS = YES_AGGRESSIVE;
				GCC_WARN_UNUSED_FUNCTION = YES;
				GCC_WARN_UNUSED_VARIABLE = YES;
				INFOPLIST_FILE = STURLEncodingTests/Info.plist;
				LD_RUNPATH_SEARCH_PATHS = "$(inherited) @executable_path/../Frameworks @loader_path/../Frameworks";
				MACOSX_DEPLOYMENT_TARGET = 10.10;
				MTL_ENABLE_DEBUG_INFO = NO;
				PRODUCT_NAME = "$(TARGET_NAME)";
				SDKROOT = macosx;
			};
			name = Release;
		};
/* End XCBuildConfiguration section */

/* Begin XCConfigurationList section */
		2C57660616B654D3002C6503 /* Build configuration list for PBXNativeTarget "STURLEncodingTests-mac" */ = {
			isa = XCConfigurationList;
			buildConfigurations = (
				2C57660716B654D3002C6503 /* Debug */,
				2C57660816B654D3002C6503 /* Release */,
			);
			defaultConfigurationIsVisible = 0;
			defaultConfigurationName = Release;
		};
		2C57663916B656A6002C6503 /* Build configuration list for PBXNativeTarget "STURLEncoding-mac" */ = {
			isa = XCConfigurationList;
			buildConfigurations = (
				2C57663A16B656A6002C6503 /* Debug */,
				2C57663B16B656A6002C6503 /* Release */,
			);
			defaultConfigurationIsVisible = 0;
			defaultConfigurationName = Release;
		};
		2C6EE597163E71D30064800F /* Build configuration list for PBXProject "STURLEncoding" */ = {
			isa = XCConfigurationList;
			buildConfigurations = (
				2C6EE5C0163E71D30064800F /* Debug */,
				2C6EE5C1163E71D30064800F /* Release */,
			);
			defaultConfigurationIsVisible = 0;
			defaultConfigurationName = Release;
		};
		2C6EE5C2163E71D30064800F /* Build configuration list for PBXNativeTarget "STURLEncoding-iOS" */ = {
			isa = XCConfigurationList;
			buildConfigurations = (
				2C6EE5C3163E71D30064800F /* Debug */,
				2C6EE5C4163E71D30064800F /* Release */,
			);
			defaultConfigurationIsVisible = 0;
			defaultConfigurationName = Release;
		};
		2C6EE5C5163E71D30064800F /* Build configuration list for PBXNativeTarget "STURLEncodingTests-iOS" */ = {
			isa = XCConfigurationList;
			buildConfigurations = (
				2C6EE5C6163E71D30064800F /* Debug */,
				2C6EE5C7163E71D30064800F /* Release */,
			);
			defaultConfigurationIsVisible = 0;
			defaultConfigurationName = Release;
		};
		2C9EC6A21A233539008C3452 /* Build configuration list for PBXNativeTarget "STURLEncodingFramework-iOS" */ = {
			isa = XCConfigurationList;
			buildConfigurations = (
				2C9EC69E1A233539008C3452 /* Debug */,
				2C9EC69F1A233539008C3452 /* Release */,
			);
			defaultConfigurationIsVisible = 0;
			defaultConfigurationName = Release;
		};
		2C9EC6A31A233539008C3452 /* Build configuration list for PBXNativeTarget "STURLEncodingFrameworkTests-iOS" */ = {
			isa = XCConfigurationList;
			buildConfigurations = (
				2C9EC6A01A233539008C3452 /* Debug */,
				2C9EC6A11A233539008C3452 /* Release */,
			);
			defaultConfigurationIsVisible = 0;
			defaultConfigurationName = Release;
		};
		2C9EC6C91A23376F008C3452 /* Build configuration list for PBXNativeTarget "STURLEncodingFramework-mac" */ = {
			isa = XCConfigurationList;
			buildConfigurations = (
				2C9EC6C51A23376F008C3452 /* Debug */,
				2C9EC6C61A23376F008C3452 /* Release */,
			);
			defaultConfigurationIsVisible = 0;
			defaultConfigurationName = Release;
		};
		2C9EC6CA1A23376F008C3452 /* Build configuration list for PBXNativeTarget "STURLEncodingFrameworkTests-mac" */ = {
			isa = XCConfigurationList;
			buildConfigurations = (
				2C9EC6C71A23376F008C3452 /* Debug */,
				2C9EC6C81A23376F008C3452 /* Release */,
			);
			defaultConfigurationIsVisible = 0;
			defaultConfigurationName = Release;
		};
/* End XCConfigurationList section */
	};
	rootObject = 2C6EE594163E71D30064800F /* Project object */;
}
